
Microsoft Visual Studio Solution File, Format Version 12.00
# Visual Studio 15
VisualStudioVersion = 15.0.27130.0
MinimumVisualStudioVersion = 10.0.40219.1
Project("{FAE04EC0-301F-11D3-BF4B-00C04F79EFBC}") = "yt2srt", "yt2srt\yt2srt.csproj", "{98D347C1-2282-444B-9887-01D5101F83A3}"
EndProject
Global
	GlobalSection(SolutionConfigurationPlatforms) = preSolution
		Debug|Any CPU = Debug|Any CPU
		Release|Any CPU = Release|Any CPU
	EndGlobalSection
	GlobalSection(ProjectConfigurationPlatforms) = postSolution
		{98D347C1-2282-444B-9887-01D5101F83A3}.Debug|Any CPU.ActiveCfg = Debug|Any CPU
		{98D347C1-2282-444B-9887-01D5101F83A3}.Debug|Any CPU.Build.0 = Debug|Any CPU
		{98D347C1-2282-444B-9887-01D5101F83A3}.Release|Any CPU.ActiveCfg = Release|Any CPU
		{98D347C1-2282-444B-9887-01D5101F83A3}.Release|Any CPU.Build.0 = Release|Any CPU
	EndGlobalSection
	GlobalSection(SolutionProperties) = preSolution
		HideSolutionNode = FALSE
	EndGlobalSection
	GlobalSection(ExtensibilityGlobals) = postSolution
		SolutionGuid = {B3A02E30-937E-45E4-BB35-FF69E5309DF6}
	EndGlobalSection
EndGlobal
